
Microsoft Visual Studio Solution File, Format Version 12.00
# Visual Studio 15
VisualStudioVersion = 15.0.27130.2020
MinimumVisualStudioVersion = 10.0.40219.1
Project("{FAE04EC0-301F-11D3-BF4B-00C04F79EFBC}") = "SPG", "SPG\SPG.csproj", "{E6FC1839-BF17-481B-BD57-3FBCC4855E3B}"
EndProject
Project("{FAE04EC0-301F-11D3-BF4B-00C04F79EFBC}") = "SPG.DataAccess", "SPG.DataAccess\SPG.DataAccess.csproj", "{5A166F45-2AD3-4579-978F-3E884A0BB572}"
EndProject
Project("{FAE04EC0-301F-11D3-BF4B-00C04F79EFBC}") = "SPG.DataService", "SPG.DataService\SPG.DataService.csproj", "{006B781B-09BB-48B8-AE5A-EDE53ABB3C37}"
EndProject
Project("{FAE04EC0-301F-11D3-BF4B-00C04F79EFBC}") = "Word2Vec.Net", "Word2Vec.Net\Word2Vec.Net.csproj", "{FEFCA2DC-137B-4EEE-A779-0194BDFEBE1F}"
EndProject
Project("{FAE04EC0-301F-11D3-BF4B-00C04F79EFBC}") = "SPG.Domain", "SPG.Domain\SPG.Domain.csproj", "{F6962348-D76A-42C0-84F4-C14FC53D1941}"
EndProject
Project("{FAE04EC0-301F-11D3-BF4B-00C04F79EFBC}") = "SPG.Word2Vec", "SPG.Word2Vec\SPG.Word2Vec.csproj", "{325F11E7-EC1C-474E-8917-17E74099767D}"
EndProject
Project("{FAE04EC0-301F-11D3-BF4B-00C04F79EFBC}") = "SPG.Console", "SPG.Console\SPG.Console.csproj", "{6C44129B-DB4B-4042-A1E3-F6BCADA1E4EC}"
EndProject
Global
	GlobalSection(SolutionConfigurationPlatforms) = preSolution
		Debug|Any CPU = Debug|Any CPU
		Release|Any CPU = Release|Any CPU
	EndGlobalSection
	GlobalSection(ProjectConfigurationPlatforms) = postSolution
		{E6FC1839-BF17-481B-BD57-3FBCC4855E3B}.Debug|Any CPU.ActiveCfg = Debug|Any CPU
		{E6FC1839-BF17-481B-BD57-3FBCC4855E3B}.Debug|Any CPU.Build.0 = Debug|Any CPU
		{E6FC1839-BF17-481B-BD57-3FBCC4855E3B}.Release|Any CPU.ActiveCfg = Release|Any CPU
		{E6FC1839-BF17-481B-BD57-3FBCC4855E3B}.Release|Any CPU.Build.0 = Release|Any CPU
		{5A166F45-2AD3-4579-978F-3E884A0BB572}.Debug|Any CPU.ActiveCfg = Debug|Any CPU
		{5A166F45-2AD3-4579-978F-3E884A0BB572}.Debug|Any CPU.Build.0 = Debug|Any CPU
		{5A166F45-2AD3-4579-978F-3E884A0BB572}.Release|Any CPU.ActiveCfg = Release|Any CPU
		{5A166F45-2AD3-4579-978F-3E884A0BB572}.Release|Any CPU.Build.0 = Release|Any CPU
		{006B781B-09BB-48B8-AE5A-EDE53ABB3C37}.Debug|Any CPU.ActiveCfg = Debug|Any CPU
		{006B781B-09BB-48B8-AE5A-EDE53ABB3C37}.Debug|Any CPU.Build.0 = Debug|Any CPU
		{006B781B-09BB-48B8-AE5A-EDE53ABB3C37}.Release|Any CPU.ActiveCfg = Release|Any CPU
		{006B781B-09BB-48B8-AE5A-EDE53ABB3C37}.Release|Any CPU.Build.0 = Release|Any CPU
		{FEFCA2DC-137B-4EEE-A779-0194BDFEBE1F}.Debug|Any CPU.ActiveCfg = Debug|Any CPU
		{FEFCA2DC-137B-4EEE-A779-0194BDFEBE1F}.Debug|Any CPU.Build.0 = Debug|Any CPU
		{FEFCA2DC-137B-4EEE-A779-0194BDFEBE1F}.Release|Any CPU.ActiveCfg = Release|Any CPU
		{FEFCA2DC-137B-4EEE-A779-0194BDFEBE1F}.Release|Any CPU.Build.0 = Release|Any CPU
		{F6962348-D76A-42C0-84F4-C14FC53D1941}.Debug|Any CPU.ActiveCfg = Debug|Any CPU
		{F6962348-D76A-42C0-84F4-C14FC53D1941}.Debug|Any CPU.Build.0 = Debug|Any CPU
		{F6962348-D76A-42C0-84F4-C14FC53D1941}.Release|Any CPU.ActiveCfg = Release|Any CPU
		{F6962348-D76A-42C0-84F4-C14FC53D1941}.Release|Any CPU.Build.0 = Release|Any CPU
		{325F11E7-EC1C-474E-8917-17E74099767D}.Debug|Any CPU.ActiveCfg = Debug|Any CPU
		{325F11E7-EC1C-474E-8917-17E74099767D}.Debug|Any CPU.Build.0 = Debug|Any CPU
		{325F11E7-EC1C-474E-8917-17E74099767D}.Release|Any CPU.ActiveCfg = Release|Any CPU
		{325F11E7-EC1C-474E-8917-17E74099767D}.Release|Any CPU.Build.0 = Release|Any CPU
		{6C44129B-DB4B-4042-A1E3-F6BCADA1E4EC}.Debug|Any CPU.ActiveCfg = Debug|Any CPU
		{6C44129B-DB4B-4042-A1E3-F6BCADA1E4EC}.Debug|Any CPU.Build.0 = Debug|Any CPU
		{6C44129B-DB4B-4042-A1E3-F6BCADA1E4EC}.Release|Any CPU.ActiveCfg = Release|Any CPU
		{6C44129B-DB4B-4042-A1E3-F6BCADA1E4EC}.Release|Any CPU.Build.0 = Release|Any CPU
	EndGlobalSection
	GlobalSection(SolutionProperties) = preSolution
		HideSolutionNode = FALSE
	EndGlobalSection
	GlobalSection(ExtensibilityGlobals) = postSolution
		SolutionGuid = {415FEAF5-CB64-4730-B723-616D09A14919}
	EndGlobalSection
EndGlobal
